
Microsoft Visual Studio Solution File, Format Version 12.00
# Visual Studio Version 17
VisualStudioVersion = 17.11.35222.181
MinimumVisualStudioVersion = 10.0.40219.1
Project("{FAE04EC0-301F-11D3-BF4B-00C04F79EFBC}") = "DesignPattern", "DesignPattern\DesignPattern.csproj", "{1364148F-B92B-4D54-9595-D02E2B1140AD}"
EndProject
Global
	GlobalSection(SolutionConfigurationPlatforms) = preSolution
		Debug|Any CPU = Debug|Any CPU
		Release|Any CPU = Release|Any CPU
	EndGlobalSection
	GlobalSection(ProjectConfigurationPlatforms) = postSolution
		{1364148F-B92B-4D54-9595-D02E2B1140AD}.Debug|Any CPU.ActiveCfg = Debug|Any CPU
		{1364148F-B92B-4D54-9595-D02E2B1140AD}.Debug|Any CPU.Build.0 = Debug|Any CPU
		{1364148F-B92B-4D54-9595-D02E2B1140AD}.Release|Any CPU.ActiveCfg = Release|Any CPU
		{1364148F-B92B-4D54-9595-D02E2B1140AD}.Release|Any CPU.Build.0 = Release|Any CPU
	EndGlobalSection
	GlobalSection(SolutionProperties) = preSolution
		HideSolutionNode = FALSE
	EndGlobalSection
	GlobalSection(ExtensibilityGlobals) = postSolution
		SolutionGuid = {E2A74E79-20BB-40D2-B460-38CC2308B44A}
	EndGlobalSection
EndGlobal
